
Microsoft Visual Studio Solution File, Format Version 12.00
# Visual Studio 15
VisualStudioVersion = 15.0.27130.2026
MinimumVisualStudioVersion = 10.0.40219.1
Project("{9A19103F-16F7-4668-BE54-9A1E7A4F7556}") = "FLPH", "FLPH\FLPH.csproj", "{55DF76E3-EBCB-43F7-807D-9ECD183C5949}"
EndProject
Project("{9A19103F-16F7-4668-BE54-9A1E7A4F7556}") = "Ether.Network.Photon", "..\Ether.Network.Photon\Ether.Network.Photon\Ether.Network.Photon.csproj", "{27B66A76-DB6D-4A3C-88F7-EA185806F742}"
EndProject
Project("{9A19103F-16F7-4668-BE54-9A1E7A4F7556}") = "Interface", "Interface\Interface.csproj", "{BA833422-AF2B-4754-8A5A-D3D035A5CB18}"
EndProject
Project("{9A19103F-16F7-4668-BE54-9A1E7A4F7556}") = "CSScriptLib", "..\cs-script\Source\.NET Core\CSScriptLib\src\CSScriptLib\CSScriptLib.csproj", "{C2313484-BCF5-431F-97B5-156017CB46CC}"
EndProject
Project("{9A19103F-16F7-4668-BE54-9A1E7A4F7556}") = "WebCommon", "WebCommon\WebCommon.csproj", "{1786B41C-5DD0-4156-B748-5B063E32EE18}"
EndProject
Project("{9A19103F-16F7-4668-BE54-9A1E7A4F7556}") = "ClientCommon", "ClientCommon\ClientCommon.csproj", "{811258F8-51C0-4E0D-9061-7F19B6869375}"
EndProject
Project("{9A19103F-16F7-4668-BE54-9A1E7A4F7556}") = "Ether.Network", "..\Ether.Network\src\Ether.Network\Ether.Network.csproj", "{3E17B013-DB85-48B6-9AA6-941A97A66FDC}"
EndProject
Global
	GlobalSection(SolutionConfigurationPlatforms) = preSolution
		Debug|Any CPU = Debug|Any CPU
		Release|Any CPU = Release|Any CPU
	EndGlobalSection
	GlobalSection(ProjectConfigurationPlatforms) = postSolution
		{55DF76E3-EBCB-43F7-807D-9ECD183C5949}.Debug|Any CPU.ActiveCfg = Debug|Any CPU
		{55DF76E3-EBCB-43F7-807D-9ECD183C5949}.Debug|Any CPU.Build.0 = Debug|Any CPU
		{55DF76E3-EBCB-43F7-807D-9ECD183C5949}.Release|Any CPU.ActiveCfg = Release|Any CPU
		{55DF76E3-EBCB-43F7-807D-9ECD183C5949}.Release|Any CPU.Build.0 = Release|Any CPU
		{27B66A76-DB6D-4A3C-88F7-EA185806F742}.Debug|Any CPU.ActiveCfg = Debug|Any CPU
		{27B66A76-DB6D-4A3C-88F7-EA185806F742}.Debug|Any CPU.Build.0 = Debug|Any CPU
		{27B66A76-DB6D-4A3C-88F7-EA185806F742}.Release|Any CPU.ActiveCfg = Release|Any CPU
		{27B66A76-DB6D-4A3C-88F7-EA185806F742}.Release|Any CPU.Build.0 = Release|Any CPU
		{BA833422-AF2B-4754-8A5A-D3D035A5CB18}.Debug|Any CPU.ActiveCfg = Debug|Any CPU
		{BA833422-AF2B-4754-8A5A-D3D035A5CB18}.Debug|Any CPU.Build.0 = Debug|Any CPU
		{BA833422-AF2B-4754-8A5A-D3D035A5CB18}.Release|Any CPU.ActiveCfg = Release|Any CPU
		{BA833422-AF2B-4754-8A5A-D3D035A5CB18}.Release|Any CPU.Build.0 = Release|Any CPU
		{C2313484-BCF5-431F-97B5-156017CB46CC}.Debug|Any CPU.ActiveCfg = Debug|Any CPU
		{C2313484-BCF5-431F-97B5-156017CB46CC}.Debug|Any CPU.Build.0 = Debug|Any CPU
		{C2313484-BCF5-431F-97B5-156017CB46CC}.Release|Any CPU.ActiveCfg = Release|Any CPU
		{C2313484-BCF5-431F-97B5-156017CB46CC}.Release|Any CPU.Build.0 = Release|Any CPU
		{1786B41C-5DD0-4156-B748-5B063E32EE18}.Debug|Any CPU.ActiveCfg = Debug|Any CPU
		{1786B41C-5DD0-4156-B748-5B063E32EE18}.Debug|Any CPU.Build.0 = Debug|Any CPU
		{1786B41C-5DD0-4156-B748-5B063E32EE18}.Release|Any CPU.ActiveCfg = Release|Any CPU
		{1786B41C-5DD0-4156-B748-5B063E32EE18}.Release|Any CPU.Build.0 = Release|Any CPU
		{811258F8-51C0-4E0D-9061-7F19B6869375}.Debug|Any CPU.ActiveCfg = Debug|Any CPU
		{811258F8-51C0-4E0D-9061-7F19B6869375}.Debug|Any CPU.Build.0 = Debug|Any CPU
		{811258F8-51C0-4E0D-9061-7F19B6869375}.Release|Any CPU.ActiveCfg = Release|Any CPU
		{811258F8-51C0-4E0D-9061-7F19B6869375}.Release|Any CPU.Build.0 = Release|Any CPU
		{3E17B013-DB85-48B6-9AA6-941A97A66FDC}.Debug|Any CPU.ActiveCfg = Debug|Any CPU
		{3E17B013-DB85-48B6-9AA6-941A97A66FDC}.Debug|Any CPU.Build.0 = Debug|Any CPU
		{3E17B013-DB85-48B6-9AA6-941A97A66FDC}.Release|Any CPU.ActiveCfg = Release|Any CPU
		{3E17B013-DB85-48B6-9AA6-941A97A66FDC}.Release|Any CPU.Build.0 = Release|Any CPU
	EndGlobalSection
	GlobalSection(SolutionProperties) = preSolution
		HideSolutionNode = FALSE
	EndGlobalSection
	GlobalSection(ExtensibilityGlobals) = postSolution
		SolutionGuid = {01097CCD-FDDE-4D47-825E-C51371854722}
	EndGlobalSection
EndGlobal
